
Microsoft Visual Studio Solution File, Format Version 12.00
# Visual Studio 14
VisualStudioVersion = 14.0.25123.0
MinimumVisualStudioVersion = 10.0.40219.1
Project("{FAE04EC0-301F-11D3-BF4B-00C04F79EFBC}") = "Rico.Common", "Rico.Common\Rico.Common.csproj", "{E4AC4131-8B27-49FE-BACE-085BE95997E2}"
EndProject
Project("{FAE04EC0-301F-11D3-BF4B-00C04F79EFBC}") = "Rico.Model", "Rico.Model\Rico.Model.csproj", "{B8708E00-C099-47BF-BB24-421A22B8D9BB}"
EndProject
Project("{FAE04EC0-301F-11D3-BF4B-00C04F79EFBC}") = "Rico.Data", "Rico.Data\Rico.Data.csproj", "{35F29434-E31D-4443-A330-65EE835EEF68}"
EndProject
Project("{FAE04EC0-301F-11D3-BF4B-00C04F79EFBC}") = "Rico.Service", "Rico.Service\Rico.Service.csproj", "{53DF4FFC-E262-415B-887C-13882E2B24D9}"
EndProject
Project("{FAE04EC0-301F-11D3-BF4B-00C04F79EFBC}") = "Rico.UnitTest", "Rico.UnitTest\Rico.UnitTest.csproj", "{04CF9DE5-32F8-40E5-B581-247DB7235646}"
EndProject
Project("{FAE04EC0-301F-11D3-BF4B-00C04F79EFBC}") = "Rico.Web", "Rico.Web\Rico.Web.csproj", "{BC91FEC8-D3F4-4079-B0D9-B8E9E04B7A54}"
EndProject
Project("{2150E333-8FDC-42A3-9474-1A3956D46DE8}") = "Solution Items", "Solution Items", "{8D716D1C-73AD-4877-9343-F3CF2D8AA77C}"
	ProjectSection(SolutionItems) = preProject
		HTMLPage1.html = HTMLPage1.html
	EndProjectSection
EndProject
Global
	GlobalSection(SolutionConfigurationPlatforms) = preSolution
		Debug|Any CPU = Debug|Any CPU
		Release|Any CPU = Release|Any CPU
	EndGlobalSection
	GlobalSection(ProjectConfigurationPlatforms) = postSolution
		{E4AC4131-8B27-49FE-BACE-085BE95997E2}.Debug|Any CPU.ActiveCfg = Debug|Any CPU
		{E4AC4131-8B27-49FE-BACE-085BE95997E2}.Debug|Any CPU.Build.0 = Debug|Any CPU
		{E4AC4131-8B27-49FE-BACE-085BE95997E2}.Release|Any CPU.ActiveCfg = Release|Any CPU
		{E4AC4131-8B27-49FE-BACE-085BE95997E2}.Release|Any CPU.Build.0 = Release|Any CPU
		{B8708E00-C099-47BF-BB24-421A22B8D9BB}.Debug|Any CPU.ActiveCfg = Debug|Any CPU
		{B8708E00-C099-47BF-BB24-421A22B8D9BB}.Debug|Any CPU.Build.0 = Debug|Any CPU
		{B8708E00-C099-47BF-BB24-421A22B8D9BB}.Release|Any CPU.ActiveCfg = Release|Any CPU
		{B8708E00-C099-47BF-BB24-421A22B8D9BB}.Release|Any CPU.Build.0 = Release|Any CPU
		{35F29434-E31D-4443-A330-65EE835EEF68}.Debug|Any CPU.ActiveCfg = Debug|Any CPU
		{35F29434-E31D-4443-A330-65EE835EEF68}.Debug|Any CPU.Build.0 = Debug|Any CPU
		{35F29434-E31D-4443-A330-65EE835EEF68}.Release|Any CPU.ActiveCfg = Release|Any CPU
		{35F29434-E31D-4443-A330-65EE835EEF68}.Release|Any CPU.Build.0 = Release|Any CPU
		{53DF4FFC-E262-415B-887C-13882E2B24D9}.Debug|Any CPU.ActiveCfg = Debug|Any CPU
		{53DF4FFC-E262-415B-887C-13882E2B24D9}.Debug|Any CPU.Build.0 = Debug|Any CPU
		{53DF4FFC-E262-415B-887C-13882E2B24D9}.Release|Any CPU.ActiveCfg = Release|Any CPU
		{53DF4FFC-E262-415B-887C-13882E2B24D9}.Release|Any CPU.Build.0 = Release|Any CPU
		{04CF9DE5-32F8-40E5-B581-247DB7235646}.Debug|Any CPU.ActiveCfg = Debug|Any CPU
		{04CF9DE5-32F8-40E5-B581-247DB7235646}.Debug|Any CPU.Build.0 = Debug|Any CPU
		{04CF9DE5-32F8-40E5-B581-247DB7235646}.Release|Any CPU.ActiveCfg = Release|Any CPU
		{04CF9DE5-32F8-40E5-B581-247DB7235646}.Release|Any CPU.Build.0 = Release|Any CPU
		{BC91FEC8-D3F4-4079-B0D9-B8E9E04B7A54}.Debug|Any CPU.ActiveCfg = Debug|Any CPU
		{BC91FEC8-D3F4-4079-B0D9-B8E9E04B7A54}.Debug|Any CPU.Build.0 = Debug|Any CPU
		{BC91FEC8-D3F4-4079-B0D9-B8E9E04B7A54}.Release|Any CPU.ActiveCfg = Release|Any CPU
		{BC91FEC8-D3F4-4079-B0D9-B8E9E04B7A54}.Release|Any CPU.Build.0 = Release|Any CPU
	EndGlobalSection
	GlobalSection(SolutionProperties) = preSolution
		HideSolutionNode = FALSE
	EndGlobalSection
EndGlobal
